Microsoft Visual Studio Solution File, Format Version 12.00
# Visual Studio Version 16
VisualStudioVersion = 16.0.30804.86
MinimumVisualStudioVersion = 10.0.40219.1
Project("{9A19103F-16F7-4668-BE54-9A1E7A4F7556}") = "JobApi", "JobApi\JobApi.csproj", "{404C3410-F3E4-43C9-8A9A-B7AD017CBF25}"
EndProject
Project("{9A19103F-16F7-4668-BE54-9A1E7A4F7556}") = "JobApi.Tests", "JobApi.Tests\JobApi.Tests.csproj", "{20C8C7D3-A9E5-4538-BEBB-DAB14BC321D4}"
EndProject
Project("{E24C65DC-7377-472B-9ABA-BC803B73C61A}") = "JobClient(1)", "JobClient\", "{96623D81-1570-4FF8-81F0-7EF123D71933}"
	ProjectSection(WebsiteProperties) = preProject
		TargetFrameworkMoniker = ".NETFramework,Version%3Dv4.0"
		Debug.AspNetCompiler.VirtualPath = "/localhost_62209"
		Debug.AspNetCompiler.PhysicalPath = "JobClient\"
		Debug.AspNetCompiler.TargetPath = "PrecompiledWeb\localhost_62209\"
		Debug.AspNetCompiler.Updateable = "true"
		Debug.AspNetCompiler.ForceOverwrite = "true"
		Debug.AspNetCompiler.FixedNames = "false"
		Debug.AspNetCompiler.Debug = "True"
		Release.AspNetCompiler.VirtualPath = "/localhost_62209"
		Release.AspNetCompiler.PhysicalPath = "JobClient\"
		Release.AspNetCompiler.TargetPath = "PrecompiledWeb\localhost_62209\"
		Release.AspNetCompiler.Updateable = "true"
		Release.AspNetCompiler.ForceOverwrite = "true"
		Release.AspNetCompiler.FixedNames = "false"
		Release.AspNetCompiler.Debug = "False"
		VWDPort = "62209"
	EndProjectSection
EndProject
Global
	GlobalSection(SolutionConfigurationPlatforms) = preSolution
		Debug|Any CPU = Debug|Any CPU
		Release|Any CPU = Release|Any CPU
	EndGlobalSection
	GlobalSection(ProjectConfigurationPlatforms) = postSolution
		{404C3410-F3E4-43C9-8A9A-B7AD017CBF25}.Debug|Any CPU.ActiveCfg = Debug|Any CPU
		{404C3410-F3E4-43C9-8A9A-B7AD017CBF25}.Debug|Any CPU.Build.0 = Debug|Any CPU
		{404C3410-F3E4-43C9-8A9A-B7AD017CBF25}.Release|Any CPU.ActiveCfg = Release|Any CPU
		{404C3410-F3E4-43C9-8A9A-B7AD017CBF25}.Release|Any CPU.Build.0 = Release|Any CPU
		{20C8C7D3-A9E5-4538-BEBB-DAB14BC321D4}.Debug|Any CPU.ActiveCfg = Debug|Any CPU
		{20C8C7D3-A9E5-4538-BEBB-DAB14BC321D4}.Release|Any CPU.ActiveCfg = Release|Any CPU
		{96623D81-1570-4FF8-81F0-7EF123D71933}.Debug|Any CPU.ActiveCfg = Debug|Any CPU
		{96623D81-1570-4FF8-81F0-7EF123D71933}.Debug|Any CPU.Build.0 = Debug|Any CPU
		{96623D81-1570-4FF8-81F0-7EF123D71933}.Release|Any CPU.ActiveCfg = Debug|Any CPU
		{96623D81-1570-4FF8-81F0-7EF123D71933}.Release|Any CPU.Build.0 = Debug|Any CPU
	EndGlobalSection
	GlobalSection(SolutionProperties) = preSolution
		HideSolutionNode = FALSE
	EndGlobalSection
	GlobalSection(ExtensibilityGlobals) = postSolution
		SolutionGuid = {9DE57B81-C75C-476C-BDB9-462282139E3F}
	EndGlobalSection
EndGlobal
